
Microsoft Visual Studio Solution File, Format Version 12.00
# Visual Studio Version 16
VisualStudioVersion = 16.0.31112.23
MinimumVisualStudioVersion = 10.0.40219.1
Project("{9A19103F-16F7-4668-BE54-9A1E7A4F7556}") = "Abstraction", "Abstraction\Abstraction.csproj", "{30766296-F410-4A35-BC23-646DF08006A0}"
EndProject
Project("{9A19103F-16F7-4668-BE54-9A1E7A4F7556}") = "Interfase", "Interfase\Interfase.csproj", "{293F0480-5750-4FEA-B9C0-F648E7FD3CD3}"
EndProject
Project("{9A19103F-16F7-4668-BE54-9A1E7A4F7556}") = "Store", "Store\Store.csproj", "{E7B14ACA-1831-4347-B33C-C528C6A35102}"
EndProject
Project("{9A19103F-16F7-4668-BE54-9A1E7A4F7556}") = "Test", "Test\Test.csproj", "{F5930925-A0F6-4FDC-AF33-F2A9FB931041}"
EndProject
Project("{9A19103F-16F7-4668-BE54-9A1E7A4F7556}") = "Accauntant", "Structure\Accauntant.csproj", "{7D27DC68-102B-4FC6-B35E-5E3F912646C2}"
EndProject
Project("{9A19103F-16F7-4668-BE54-9A1E7A4F7556}") = "Static", "Static\Static.csproj", "{3BBF8B5C-3272-4213-9CDE-BDA14875E671}"
EndProject
Project("{9A19103F-16F7-4668-BE54-9A1E7A4F7556}") = "DataTime", "DataTime\DataTime.csproj", "{1F1EAA46-3B91-487C-A49C-D196D6A4FED2}"
EndProject
Project("{9A19103F-16F7-4668-BE54-9A1E7A4F7556}") = "Print", "Print\Print.csproj", "{9F4B3BE5-6269-4D13-AB25-BAE901664690}"
EndProject
Project("{9A19103F-16F7-4668-BE54-9A1E7A4F7556}") = "Delegate", "Delegate\Delegate.csproj", "{033BC609-FC87-4675-A979-DDC74AD0AE43}"
EndProject
Project("{9A19103F-16F7-4668-BE54-9A1E7A4F7556}") = "LamblaMetods", "LamblaMetods\LamblaMetods.csproj", "{96B458E4-F104-4D35-946D-C7D031E497EB}"
EndProject
Project("{9A19103F-16F7-4668-BE54-9A1E7A4F7556}") = "Generic", "Generic\Generic.csproj", "{CC545A10-1A76-41DA-B5CC-D671EE465A37}"
EndProject
Project("{FAE04EC0-301F-11D3-BF4B-00C04F79EFBC}") = "Collections", "Collections\Collections.csproj", "{94413F0B-5FB8-4F14-ABCE-175AAE14ECF0}"
EndProject
Project("{FAE04EC0-301F-11D3-BF4B-00C04F79EFBC}") = "MyList", "MyList\MyList.csproj", "{D3CA93B1-FD44-4E59-AE76-893DF9752C38}"
EndProject
Project("{FAE04EC0-301F-11D3-BF4B-00C04F79EFBC}") = "UserCollection", "UserCollection\UserCollection.csproj", "{AD72C7C5-0610-47DA-B57A-C0D5EF1BE39F}"
EndProject
Project("{9A19103F-16F7-4668-BE54-9A1E7A4F7556}") = "MyDictionary", "MyDictionary\MyDictionary.csproj", "{2B42C946-1826-478D-A8D1-7902DE39484D}"
EndProject
Project("{9A19103F-16F7-4668-BE54-9A1E7A4F7556}") = "Event", "Event\Event.csproj", "{0A0BFC08-5A80-49E3-9EBB-40156CD0BAC4}"
EndProject
Project("{9A19103F-16F7-4668-BE54-9A1E7A4F7556}") = "MVP", "MVP\MVP.csproj", "{57E99554-E0C1-4D47-A2F2-84EBFED40C5F}"
EndProject
Project("{9A19103F-16F7-4668-BE54-9A1E7A4F7556}") = "Test2", "Test2\Test2.csproj", "{2D21DA8F-0F72-429C-8860-2B1651A41395}"
EndProject
Project("{9A19103F-16F7-4668-BE54-9A1E7A4F7556}") = "Calculator", "Calculator\Calculator.csproj", "{32122BDE-61D6-44C2-B864-81A5C2D0A7B9}"
EndProject
Project("{9A19103F-16F7-4668-BE54-9A1E7A4F7556}") = "Worker", "Worker\Worker.csproj", "{829228CC-6440-46DD-BE75-F1A5284AC699}"
EndProject
Project("{FAE04EC0-301F-11D3-BF4B-00C04F79EFBC}") = "Addition_task", "Addition_task\Addition_task.csproj", "{8504E2AE-C692-46D9-B66F-D7F0304FC08B}"
EndProject
Global
	GlobalSection(SolutionConfigurationPlatforms) = preSolution
		Debug|Any CPU = Debug|Any CPU
		Debug|x86 = Debug|x86
		Release|Any CPU = Release|Any CPU
		Release|x86 = Release|x86
	EndGlobalSection
	GlobalSection(ProjectConfigurationPlatforms) = postSolution
		{30766296-F410-4A35-BC23-646DF08006A0}.Debug|Any CPU.ActiveCfg = Debug|Any CPU
		{30766296-F410-4A35-BC23-646DF08006A0}.Debug|Any CPU.Build.0 = Debug|Any CPU
		{30766296-F410-4A35-BC23-646DF08006A0}.Debug|x86.ActiveCfg = Debug|Any CPU
		{30766296-F410-4A35-BC23-646DF08006A0}.Debug|x86.Build.0 = Debug|Any CPU
		{30766296-F410-4A35-BC23-646DF08006A0}.Release|Any CPU.ActiveCfg = Release|Any CPU
		{30766296-F410-4A35-BC23-646DF08006A0}.Release|Any CPU.Build.0 = Release|Any CPU
		{30766296-F410-4A35-BC23-646DF08006A0}.Release|x86.ActiveCfg = Release|Any CPU
		{30766296-F410-4A35-BC23-646DF08006A0}.Release|x86.Build.0 = Release|Any CPU
		{293F0480-5750-4FEA-B9C0-F648E7FD3CD3}.Debug|Any CPU.ActiveCfg = Debug|Any CPU
		{293F0480-5750-4FEA-B9C0-F648E7FD3CD3}.Debug|Any CPU.Build.0 = Debug|Any CPU
		{293F0480-5750-4FEA-B9C0-F648E7FD3CD3}.Debug|x86.ActiveCfg = Debug|Any CPU
		{293F0480-5750-4FEA-B9C0-F648E7FD3CD3}.Debug|x86.Build.0 = Debug|Any CPU
		{293F0480-5750-4FEA-B9C0-F648E7FD3CD3}.Release|Any CPU.ActiveCfg = Release|Any CPU
		{293F0480-5750-4FEA-B9C0-F648E7FD3CD3}.Release|Any CPU.Build.0 = Release|Any CPU
		{293F0480-5750-4FEA-B9C0-F648E7FD3CD3}.Release|x86.ActiveCfg = Release|Any CPU
		{293F0480-5750-4FEA-B9C0-F648E7FD3CD3}.Release|x86.Build.0 = Release|Any CPU
		{E7B14ACA-1831-4347-B33C-C528C6A35102}.Debug|Any CPU.ActiveCfg = Debug|Any CPU
		{E7B14ACA-1831-4347-B33C-C528C6A35102}.Debug|Any CPU.Build.0 = Debug|Any CPU
		{E7B14ACA-1831-4347-B33C-C528C6A35102}.Debug|x86.ActiveCfg = Debug|Any CPU
		{E7B14ACA-1831-4347-B33C-C528C6A35102}.Debug|x86.Build.0 = Debug|Any CPU
		{E7B14ACA-1831-4347-B33C-C528C6A35102}.Release|Any CPU.ActiveCfg = Release|Any CPU
		{E7B14ACA-1831-4347-B33C-C528C6A35102}.Release|Any CPU.Build.0 = Release|Any CPU
		{E7B14ACA-1831-4347-B33C-C528C6A35102}.Release|x86.ActiveCfg = Release|Any CPU
		{E7B14ACA-1831-4347-B33C-C528C6A35102}.Release|x86.Build.0 = Release|Any CPU
		{F5930925-A0F6-4FDC-AF33-F2A9FB931041}.Debug|Any CPU.ActiveCfg = Debug|Any CPU
		{F5930925-A0F6-4FDC-AF33-F2A9FB931041}.Debug|Any CPU.Build.0 = Debug|Any CPU
		{F5930925-A0F6-4FDC-AF33-F2A9FB931041}.Debug|x86.ActiveCfg = Debug|Any CPU
		{F5930925-A0F6-4FDC-AF33-F2A9FB931041}.Debug|x86.Build.0 = Debug|Any CPU
		{F5930925-A0F6-4FDC-AF33-F2A9FB931041}.Release|Any CPU.ActiveCfg = Release|Any CPU
		{F5930925-A0F6-4FDC-AF33-F2A9FB931041}.Release|Any CPU.Build.0 = Release|Any CPU
		{F5930925-A0F6-4FDC-AF33-F2A9FB931041}.Release|x86.ActiveCfg = Release|Any CPU
		{F5930925-A0F6-4FDC-AF33-F2A9FB931041}.Release|x86.Build.0 = Release|Any CPU
		{7D27DC68-102B-4FC6-B35E-5E3F912646C2}.Debug|Any CPU.ActiveCfg = Debug|Any CPU
		{7D27DC68-102B-4FC6-B35E-5E3F912646C2}.Debug|Any CPU.Build.0 = Debug|Any CPU
		{7D27DC68-102B-4FC6-B35E-5E3F912646C2}.Debug|x86.ActiveCfg = Debug|Any CPU
		{7D27DC68-102B-4FC6-B35E-5E3F912646C2}.Debug|x86.Build.0 = Debug|Any CPU
		{7D27DC68-102B-4FC6-B35E-5E3F912646C2}.Release|Any CPU.ActiveCfg = Release|Any CPU
		{7D27DC68-102B-4FC6-B35E-5E3F912646C2}.Release|Any CPU.Build.0 = Release|Any CPU
		{7D27DC68-102B-4FC6-B35E-5E3F912646C2}.Release|x86.ActiveCfg = Release|Any CPU
		{7D27DC68-102B-4FC6-B35E-5E3F912646C2}.Release|x86.Build.0 = Release|Any CPU
		{3BBF8B5C-3272-4213-9CDE-BDA14875E671}.Debug|Any CPU.ActiveCfg = Debug|Any CPU
		{3BBF8B5C-3272-4213-9CDE-BDA14875E671}.Debug|Any CPU.Build.0 = Debug|Any CPU
		{3BBF8B5C-3272-4213-9CDE-BDA14875E671}.Debug|x86.ActiveCfg = Debug|Any CPU
		{3BBF8B5C-3272-4213-9CDE-BDA14875E671}.Debug|x86.Build.0 = Debug|Any CPU
		{3BBF8B5C-3272-4213-9CDE-BDA14875E671}.Release|Any CPU.ActiveCfg = Release|Any CPU
		{3BBF8B5C-3272-4213-9CDE-BDA14875E671}.Release|Any CPU.Build.0 = Release|Any CPU
		{3BBF8B5C-3272-4213-9CDE-BDA14875E671}.Release|x86.ActiveCfg = Release|Any CPU
		{3BBF8B5C-3272-4213-9CDE-BDA14875E671}.Release|x86.Build.0 = Release|Any CPU
		{1F1EAA46-3B91-487C-A49C-D196D6A4FED2}.Debug|Any CPU.ActiveCfg = Debug|Any CPU
		{1F1EAA46-3B91-487C-A49C-D196D6A4FED2}.Debug|Any CPU.Build.0 = Debug|Any CPU
		{1F1EAA46-3B91-487C-A49C-D196D6A4FED2}.Debug|x86.ActiveCfg = Debug|Any CPU
		{1F1EAA46-3B91-487C-A49C-D196D6A4FED2}.Debug|x86.Build.0 = Debug|Any CPU
		{1F1EAA46-3B91-487C-A49C-D196D6A4FED2}.Release|Any CPU.ActiveCfg = Release|Any CPU
		{1F1EAA46-3B91-487C-A49C-D196D6A4FED2}.Release|Any CPU.Build.0 = Release|Any CPU
		{1F1EAA46-3B91-487C-A49C-D196D6A4FED2}.Release|x86.ActiveCfg = Release|Any CPU
		{1F1EAA46-3B91-487C-A49C-D196D6A4FED2}.Release|x86.Build.0 = Release|Any CPU
		{9F4B3BE5-6269-4D13-AB25-BAE901664690}.Debug|Any CPU.ActiveCfg = Debug|Any CPU
		{9F4B3BE5-6269-4D13-AB25-BAE901664690}.Debug|Any CPU.Build.0 = Debug|Any CPU
		{9F4B3BE5-6269-4D13-AB25-BAE901664690}.Debug|x86.ActiveCfg = Debug|Any CPU
		{9F4B3BE5-6269-4D13-AB25-BAE901664690}.Debug|x86.Build.0 = Debug|Any CPU
		{9F4B3BE5-6269-4D13-AB25-BAE901664690}.Release|Any CPU.ActiveCfg = Release|Any CPU
		{9F4B3BE5-6269-4D13-AB25-BAE901664690}.Release|Any CPU.Build.0 = Release|Any CPU
		{9F4B3BE5-6269-4D13-AB25-BAE901664690}.Release|x86.ActiveCfg = Release|Any CPU
		{9F4B3BE5-6269-4D13-AB25-BAE901664690}.Release|x86.Build.0 = Release|Any CPU
		{033BC609-FC87-4675-A979-DDC74AD0AE43}.Debug|Any CPU.ActiveCfg = Debug|Any CPU
		{033BC609-FC87-4675-A979-DDC74AD0AE43}.Debug|Any CPU.Build.0 = Debug|Any CPU
		{033BC609-FC87-4675-A979-DDC74AD0AE43}.Debug|x86.ActiveCfg = Debug|Any CPU
		{033BC609-FC87-4675-A979-DDC74AD0AE43}.Debug|x86.Build.0 = Debug|Any CPU
		{033BC609-FC87-4675-A979-DDC74AD0AE43}.Release|Any CPU.ActiveCfg = Release|Any CPU
		{033BC609-FC87-4675-A979-DDC74AD0AE43}.Release|Any CPU.Build.0 = Release|Any CPU
		{033BC609-FC87-4675-A979-DDC74AD0AE43}.Release|x86.ActiveCfg = Release|Any CPU
		{033BC609-FC87-4675-A979-DDC74AD0AE43}.Release|x86.Build.0 = Release|Any CPU
		{96B458E4-F104-4D35-946D-C7D031E497EB}.Debug|Any CPU.ActiveCfg = Debug|Any CPU
		{96B458E4-F104-4D35-946D-C7D031E497EB}.Debug|Any CPU.Build.0 = Debug|Any CPU
		{96B458E4-F104-4D35-946D-C7D031E497EB}.Debug|x86.ActiveCfg = Debug|Any CPU
		{96B458E4-F104-4D35-946D-C7D031E497EB}.Debug|x86.Build.0 = Debug|Any CPU
		{96B458E4-F104-4D35-946D-C7D031E497EB}.Release|Any CPU.ActiveCfg = Release|Any CPU
		{96B458E4-F104-4D35-946D-C7D031E497EB}.Release|Any CPU.Build.0 = Release|Any CPU
		{96B458E4-F104-4D35-946D-C7D031E497EB}.Release|x86.ActiveCfg = Release|Any CPU
		{96B458E4-F104-4D35-946D-C7D031E497EB}.Release|x86.Build.0 = Release|Any CPU
		{CC545A10-1A76-41DA-B5CC-D671EE465A37}.Debug|Any CPU.ActiveCfg = Debug|Any CPU
		{CC545A10-1A76-41DA-B5CC-D671EE465A37}.Debug|Any CPU.Build.0 = Debug|Any CPU
		{CC545A10-1A76-41DA-B5CC-D671EE465A37}.Debug|x86.ActiveCfg = Debug|Any CPU
		{CC545A10-1A76-41DA-B5CC-D671EE465A37}.Debug|x86.Build.0 = Debug|Any CPU
		{CC545A10-1A76-41DA-B5CC-D671EE465A37}.Release|Any CPU.ActiveCfg = Release|Any CPU
		{CC545A10-1A76-41DA-B5CC-D671EE465A37}.Release|Any CPU.Build.0 = Release|Any CPU
		{CC545A10-1A76-41DA-B5CC-D671EE465A37}.Release|x86.ActiveCfg = Release|Any CPU
		{CC545A10-1A76-41DA-B5CC-D671EE465A37}.Release|x86.Build.0 = Release|Any CPU
		{94413F0B-5FB8-4F14-ABCE-175AAE14ECF0}.Debug|Any CPU.ActiveCfg = Debug|Any CPU
		{94413F0B-5FB8-4F14-ABCE-175AAE14ECF0}.Debug|Any CPU.Build.0 = Debug|Any CPU
		{94413F0B-5FB8-4F14-ABCE-175AAE14ECF0}.Debug|x86.ActiveCfg = Debug|Any CPU
		{94413F0B-5FB8-4F14-ABCE-175AAE14ECF0}.Debug|x86.Build.0 = Debug|Any CPU
		{94413F0B-5FB8-4F14-ABCE-175AAE14ECF0}.Release|Any CPU.ActiveCfg = Release|Any CPU
		{94413F0B-5FB8-4F14-ABCE-175AAE14ECF0}.Release|Any CPU.Build.0 = Release|Any CPU
		{94413F0B-5FB8-4F14-ABCE-175AAE14ECF0}.Release|x86.ActiveCfg = Release|Any CPU
		{94413F0B-5FB8-4F14-ABCE-175AAE14ECF0}.Release|x86.Build.0 = Release|Any CPU
		{D3CA93B1-FD44-4E59-AE76-893DF9752C38}.Debug|Any CPU.ActiveCfg = Debug|Any CPU
		{D3CA93B1-FD44-4E59-AE76-893DF9752C38}.Debug|Any CPU.Build.0 = Debug|Any CPU
		{D3CA93B1-FD44-4E59-AE76-893DF9752C38}.Debug|x86.ActiveCfg = Debug|Any CPU
		{D3CA93B1-FD44-4E59-AE76-893DF9752C38}.Debug|x86.Build.0 = Debug|Any CPU
		{D3CA93B1-FD44-4E59-AE76-893DF9752C38}.Release|Any CPU.ActiveCfg = Release|Any CPU
		{D3CA93B1-FD44-4E59-AE76-893DF9752C38}.Release|Any CPU.Build.0 = Release|Any CPU
		{D3CA93B1-FD44-4E59-AE76-893DF9752C38}.Release|x86.ActiveCfg = Release|Any CPU
		{D3CA93B1-FD44-4E59-AE76-893DF9752C38}.Release|x86.Build.0 = Release|Any CPU
		{AD72C7C5-0610-47DA-B57A-C0D5EF1BE39F}.Debug|Any CPU.ActiveCfg = Debug|Any CPU
		{AD72C7C5-0610-47DA-B57A-C0D5EF1BE39F}.Debug|Any CPU.Build.0 = Debug|Any CPU
		{AD72C7C5-0610-47DA-B57A-C0D5EF1BE39F}.Debug|x86.ActiveCfg = Debug|Any CPU
		{AD72C7C5-0610-47DA-B57A-C0D5EF1BE39F}.Debug|x86.Build.0 = Debug|Any CPU
		{AD72C7C5-0610-47DA-B57A-C0D5EF1BE39F}.Release|Any CPU.ActiveCfg = Release|Any CPU
		{AD72C7C5-0610-47DA-B57A-C0D5EF1BE39F}.Release|Any CPU.Build.0 = Release|Any CPU
		{AD72C7C5-0610-47DA-B57A-C0D5EF1BE39F}.Release|x86.ActiveCfg = Release|Any CPU
		{AD72C7C5-0610-47DA-B57A-C0D5EF1BE39F}.Release|x86.Build.0 = Release|Any CPU
		{2B42C946-1826-478D-A8D1-7902DE39484D}.Debug|Any CPU.ActiveCfg = Debug|Any CPU
		{2B42C946-1826-478D-A8D1-7902DE39484D}.Debug|Any CPU.Build.0 = Debug|Any CPU
		{2B42C946-1826-478D-A8D1-7902DE39484D}.Debug|x86.ActiveCfg = Debug|Any CPU
		{2B42C946-1826-478D-A8D1-7902DE39484D}.Debug|x86.Build.0 = Debug|Any CPU
		{2B42C946-1826-478D-A8D1-7902DE39484D}.Release|Any CPU.ActiveCfg = Release|Any CPU
		{2B42C946-1826-478D-A8D1-7902DE39484D}.Release|Any CPU.Build.0 = Release|Any CPU
		{2B42C946-1826-478D-A8D1-7902DE39484D}.Release|x86.ActiveCfg = Release|Any CPU
		{2B42C946-1826-478D-A8D1-7902DE39484D}.Release|x86.Build.0 = Release|Any CPU
		{0A0BFC08-5A80-49E3-9EBB-40156CD0BAC4}.Debug|Any CPU.ActiveCfg = Debug|Any CPU
		{0A0BFC08-5A80-49E3-9EBB-40156CD0BAC4}.Debug|Any CPU.Build.0 = Debug|Any CPU
		{0A0BFC08-5A80-49E3-9EBB-40156CD0BAC4}.Debug|x86.ActiveCfg = Debug|Any CPU
		{0A0BFC08-5A80-49E3-9EBB-40156CD0BAC4}.Debug|x86.Build.0 = Debug|Any CPU
		{0A0BFC08-5A80-49E3-9EBB-40156CD0BAC4}.Release|Any CPU.ActiveCfg = Release|Any CPU
		{0A0BFC08-5A80-49E3-9EBB-40156CD0BAC4}.Release|Any CPU.Build.0 = Release|Any CPU
		{0A0BFC08-5A80-49E3-9EBB-40156CD0BAC4}.Release|x86.ActiveCfg = Release|Any CPU
		{0A0BFC08-5A80-49E3-9EBB-40156CD0BAC4}.Release|x86.Build.0 = Release|Any CPU
		{57E99554-E0C1-4D47-A2F2-84EBFED40C5F}.Debug|Any CPU.ActiveCfg = Debug|Any CPU
		{57E99554-E0C1-4D47-A2F2-84EBFED40C5F}.Debug|Any CPU.Build.0 = Debug|Any CPU
		{57E99554-E0C1-4D47-A2F2-84EBFED40C5F}.Debug|x86.ActiveCfg = Debug|Any CPU
		{57E99554-E0C1-4D47-A2F2-84EBFED40C5F}.Debug|x86.Build.0 = Debug|Any CPU
		{57E99554-E0C1-4D47-A2F2-84EBFED40C5F}.Release|Any CPU.ActiveCfg = Release|Any CPU
		{57E99554-E0C1-4D47-A2F2-84EBFED40C5F}.Release|Any CPU.Build.0 = Release|Any CPU
		{57E99554-E0C1-4D47-A2F2-84EBFED40C5F}.Release|x86.ActiveCfg = Release|Any CPU
		{57E99554-E0C1-4D47-A2F2-84EBFED40C5F}.Release|x86.Build.0 = Release|Any CPU
		{2D21DA8F-0F72-429C-8860-2B1651A41395}.Debug|Any CPU.ActiveCfg = Debug|Any CPU
		{2D21DA8F-0F72-429C-8860-2B1651A41395}.Debug|Any CPU.Build.0 = Debug|Any CPU
		{2D21DA8F-0F72-429C-8860-2B1651A41395}.Debug|x86.ActiveCfg = Debug|Any CPU
		{2D21DA8F-0F72-429C-8860-2B1651A41395}.Debug|x86.Build.0 = Debug|Any CPU
		{2D21DA8F-0F72-429C-8860-2B1651A41395}.Release|Any CPU.ActiveCfg = Release|Any CPU
		{2D21DA8F-0F72-429C-8860-2B1651A41395}.Release|Any CPU.Build.0 = Release|Any CPU
		{2D21DA8F-0F72-429C-8860-2B1651A41395}.Release|x86.ActiveCfg = Release|Any CPU
		{2D21DA8F-0F72-429C-8860-2B1651A41395}.Release|x86.Build.0 = Release|Any CPU
		{32122BDE-61D6-44C2-B864-81A5C2D0A7B9}.Debug|Any CPU.ActiveCfg = Debug|Any CPU
		{32122BDE-61D6-44C2-B864-81A5C2D0A7B9}.Debug|Any CPU.Build.0 = Debug|Any CPU
		{32122BDE-61D6-44C2-B864-81A5C2D0A7B9}.Debug|x86.ActiveCfg = Debug|Any CPU
		{32122BDE-61D6-44C2-B864-81A5C2D0A7B9}.Debug|x86.Build.0 = Debug|Any CPU
		{32122BDE-61D6-44C2-B864-81A5C2D0A7B9}.Release|Any CPU.ActiveCfg = Release|Any CPU
		{32122BDE-61D6-44C2-B864-81A5C2D0A7B9}.Release|Any CPU.Build.0 = Release|Any CPU
		{32122BDE-61D6-44C2-B864-81A5C2D0A7B9}.Release|x86.ActiveCfg = Release|Any CPU
		{32122BDE-61D6-44C2-B864-81A5C2D0A7B9}.Release|x86.Build.0 = Release|Any CPU
		{829228CC-6440-46DD-BE75-F1A5284AC699}.Debug|Any CPU.ActiveCfg = Debug|Any CPU
		{829228CC-6440-46DD-BE75-F1A5284AC699}.Debug|Any CPU.Build.0 = Debug|Any CPU
		{829228CC-6440-46DD-BE75-F1A5284AC699}.Debug|x86.ActiveCfg = Debug|Any CPU
		{829228CC-6440-46DD-BE75-F1A5284AC699}.Debug|x86.Build.0 = Debug|Any CPU
		{829228CC-6440-46DD-BE75-F1A5284AC699}.Release|Any CPU.ActiveCfg = Release|Any CPU
		{829228CC-6440-46DD-BE75-F1A5284AC699}.Release|Any CPU.Build.0 = Release|Any CPU
		{829228CC-6440-46DD-BE75-F1A5284AC699}.Release|x86.ActiveCfg = Release|Any CPU
		{829228CC-6440-46DD-BE75-F1A5284AC699}.Release|x86.Build.0 = Release|Any CPU
		{8504E2AE-C692-46D9-B66F-D7F0304FC08B}.Debug|Any CPU.ActiveCfg = Debug|Any CPU
		{8504E2AE-C692-46D9-B66F-D7F0304FC08B}.Debug|Any CPU.Build.0 = Debug|Any CPU
		{8504E2AE-C692-46D9-B66F-D7F0304FC08B}.Debug|x86.ActiveCfg = Debug|Any CPU
		{8504E2AE-C692-46D9-B66F-D7F0304FC08B}.Debug|x86.Build.0 = Debug|Any CPU
		{8504E2AE-C692-46D9-B66F-D7F0304FC08B}.Release|Any CPU.ActiveCfg = Release|Any CPU
		{8504E2AE-C692-46D9-B66F-D7F0304FC08B}.Release|Any CPU.Build.0 = Release|Any CPU
		{8504E2AE-C692-46D9-B66F-D7F0304FC08B}.Release|x86.ActiveCfg = Release|Any CPU
		{8504E2AE-C692-46D9-B66F-D7F0304FC08B}.Release|x86.Build.0 = Release|Any CPU
	EndGlobalSection
	GlobalSection(SolutionProperties) = preSolution
		HideSolutionNode = FALSE
	EndGlobalSection
	GlobalSection(ExtensibilityGlobals) = postSolution
		SolutionGuid = {325A20F1-544B-4A18-80DB-7FB834292A0C}
	EndGlobalSection
EndGlobal
