
Microsoft Visual Studio Solution File, Format Version 12.00
# Visual Studio Version 16
VisualStudioVersion = 16.0.31205.134
MinimumVisualStudioVersion = 10.0.40219.1
Project("{FAE04EC0-301F-11D3-BF4B-00C04F79EFBC}") = "FitnesApp", "FitnesApp\FitnesApp.csproj", "{118E431B-0A36-4A21-9C91-EB6F64D2D3A5}"
EndProject
Global
	GlobalSection(SolutionConfigurationPlatforms) = preSolution
		Debug|Any CPU = Debug|Any CPU
		Release|Any CPU = Release|Any CPU
	EndGlobalSection
	GlobalSection(ProjectConfigurationPlatforms) = postSolution
		{118E431B-0A36-4A21-9C91-EB6F64D2D3A5}.Debug|Any CPU.ActiveCfg = Debug|Any CPU
		{118E431B-0A36-4A21-9C91-EB6F64D2D3A5}.Debug|Any CPU.Build.0 = Debug|Any CPU
		{118E431B-0A36-4A21-9C91-EB6F64D2D3A5}.Release|Any CPU.ActiveCfg = Release|Any CPU
		{118E431B-0A36-4A21-9C91-EB6F64D2D3A5}.Release|Any CPU.Build.0 = Release|Any CPU
	EndGlobalSection
	GlobalSection(SolutionProperties) = preSolution
		HideSolutionNode = FALSE
	EndGlobalSection
	GlobalSection(ExtensibilityGlobals) = postSolution
		SolutionGuid = {5994E743-045E-4A39-B971-794BAFC4F112}
	EndGlobalSection
EndGlobal
