
Microsoft Visual Studio Solution File, Format Version 12.00
# Visual Studio Version 16
VisualStudioVersion = 16.0.31205.134
MinimumVisualStudioVersion = 10.0.40219.1
Project("{FAE04EC0-301F-11D3-BF4B-00C04F79EFBC}") = "MyDataBase", "MyDataBase\MyDataBase.csproj", "{096B59CB-FAA5-429C-84EE-58D36F9A1A67}"
EndProject
Global
	GlobalSection(SolutionConfigurationPlatforms) = preSolution
		Debug|Any CPU = Debug|Any CPU
		Release|Any CPU = Release|Any CPU
	EndGlobalSection
	GlobalSection(ProjectConfigurationPlatforms) = postSolution
		{096B59CB-FAA5-429C-84EE-58D36F9A1A67}.Debug|Any CPU.ActiveCfg = Debug|Any CPU
		{096B59CB-FAA5-429C-84EE-58D36F9A1A67}.Debug|Any CPU.Build.0 = Debug|Any CPU
		{096B59CB-FAA5-429C-84EE-58D36F9A1A67}.Release|Any CPU.ActiveCfg = Release|Any CPU
		{096B59CB-FAA5-429C-84EE-58D36F9A1A67}.Release|Any CPU.Build.0 = Release|Any CPU
	EndGlobalSection
	GlobalSection(SolutionProperties) = preSolution
		HideSolutionNode = FALSE
	EndGlobalSection
	GlobalSection(ExtensibilityGlobals) = postSolution
		SolutionGuid = {CF361EBF-01D0-45CE-9554-AF8D28DDB1BA}
	EndGlobalSection
EndGlobal
