
Microsoft Visual Studio Solution File, Format Version 12.00
# Visual Studio Version 16
VisualStudioVersion = 16.0.31112.23
MinimumVisualStudioVersion = 10.0.40219.1
Project("{9A19103F-16F7-4668-BE54-9A1E7A4F7556}") = "Inheritance", "Inheritance\Inheritance.csproj", "{6BDAB9CE-442E-4993-8960-69AF23C9E0AB}"
EndProject
Project("{FAE04EC0-301F-11D3-BF4B-00C04F79EFBC}") = "Vehicle", "Vehicle\Vehicle.csproj", "{CAAD7049-F5A2-4096-A69A-531997BEB378}"
EndProject
Global
	GlobalSection(SolutionConfigurationPlatforms) = preSolution
		Debug|Any CPU = Debug|Any CPU
		Release|Any CPU = Release|Any CPU
	EndGlobalSection
	GlobalSection(ProjectConfigurationPlatforms) = postSolution
		{6BDAB9CE-442E-4993-8960-69AF23C9E0AB}.Debug|Any CPU.ActiveCfg = Debug|Any CPU
		{6BDAB9CE-442E-4993-8960-69AF23C9E0AB}.Debug|Any CPU.Build.0 = Debug|Any CPU
		{6BDAB9CE-442E-4993-8960-69AF23C9E0AB}.Release|Any CPU.ActiveCfg = Release|Any CPU
		{6BDAB9CE-442E-4993-8960-69AF23C9E0AB}.Release|Any CPU.Build.0 = Release|Any CPU
		{CAAD7049-F5A2-4096-A69A-531997BEB378}.Debug|Any CPU.ActiveCfg = Debug|Any CPU
		{CAAD7049-F5A2-4096-A69A-531997BEB378}.Debug|Any CPU.Build.0 = Debug|Any CPU
		{CAAD7049-F5A2-4096-A69A-531997BEB378}.Release|Any CPU.ActiveCfg = Release|Any CPU
		{CAAD7049-F5A2-4096-A69A-531997BEB378}.Release|Any CPU.Build.0 = Release|Any CPU
	EndGlobalSection
	GlobalSection(SolutionProperties) = preSolution
		HideSolutionNode = FALSE
	EndGlobalSection
	GlobalSection(ExtensibilityGlobals) = postSolution
		SolutionGuid = {300E4EDA-42D3-42C2-BB2F-F5C28CC4E78F}
	EndGlobalSection
EndGlobal
