
Microsoft Visual Studio Solution File, Format Version 12.00
# Visual Studio Version 17
VisualStudioVersion = 17.0.31410.414
MinimumVisualStudioVersion = 10.0.40219.1
Project("{2150E333-8FDC-42A3-9474-1A3956D46DE8}") = "Lesson16", "Lesson16", "{7583DE69-BA66-4634-9D4A-470E6585213F}"
EndProject
Project("{2150E333-8FDC-42A3-9474-1A3956D46DE8}") = "Lesson14", "Lesson14", "{457B89C7-9E52-41D2-B66E-37530A62A700}"
EndProject
Project("{2150E333-8FDC-42A3-9474-1A3956D46DE8}") = "Lesson15", "Lesson15", "{E43CEA7A-AB63-40A4-B523-37AF15E7E896}"
EndProject
Project("{9A19103F-16F7-4668-BE54-9A1E7A4F7556}") = "AdditionTask", "Lesson16\Addition_task\AdditionTask.csproj", "{D292CF52-9E94-41F1-A8D5-4C489509983D}"
EndProject
Project("{9A19103F-16F7-4668-BE54-9A1E7A4F7556}") = "EqualsHashCode", "Lesson16\Equals_HashCode\EqualsHashCode.csproj", "{F3922DC8-98B9-4606-93BB-2DBEDF29A4C0}"
EndProject
Project("{2150E333-8FDC-42A3-9474-1A3956D46DE8}") = "Lesson1", "Lesson1", "{23745304-9A80-463A-B931-596251023506}"
EndProject
Project("{9A19103F-16F7-4668-BE54-9A1E7A4F7556}") = "Class_Test", "Lesson1\Class_Test\Class_Test.csproj", "{EF5CFD7B-157E-4E11-BD21-86F55AFEF1B6}"
EndProject
Project("{9A19103F-16F7-4668-BE54-9A1E7A4F7556}") = "ConsoleApp1", "Lesson1\ConsoleApp1\ConsoleApp1.csproj", "{15BA1E82-4B82-4C89-83CC-595AA3699EF7}"
EndProject
Project("{9A19103F-16F7-4668-BE54-9A1E7A4F7556}") = "ConsoleApp2", "Lesson1\ConsoleApp2\ConsoleApp2.csproj", "{B247EE79-E42D-4662-BF32-36E80B444A85}"
EndProject
Project("{9A19103F-16F7-4668-BE54-9A1E7A4F7556}") = "ConsoleApp3", "Lesson1\ConsoleApp3\ConsoleApp3.csproj", "{80977CAE-364D-4706-A14B-62828BCF37BB}"
EndProject
Project("{9A19103F-16F7-4668-BE54-9A1E7A4F7556}") = "Person_And_BankAccount", "Lesson1\Person_And_BankAccaunt\Person_And_BankAccount.csproj", "{BD2E8938-9C2B-4A53-8AC9-221AD540BF38}"
EndProject
Project("{9A19103F-16F7-4668-BE54-9A1E7A4F7556}") = "Test_String", "Lesson1\Test_String\Test_String.csproj", "{BC9744E5-F160-4E2E-BAA7-89EDE4A6D71D}"
EndProject
Project("{2150E333-8FDC-42A3-9474-1A3956D46DE8}") = "Lesson2", "Lesson2", "{0DF6B5AE-F0FD-4065-81A6-E0A4E81C4CED}"
EndProject
Project("{9A19103F-16F7-4668-BE54-9A1E7A4F7556}") = "DocumentWorker", "Lesson2\DocumentWorker\DocumentWorker.csproj", "{6689CEAE-8313-4E69-888B-23B9C4C472F6}"
EndProject
Project("{9A19103F-16F7-4668-BE54-9A1E7A4F7556}") = "Inheritance", "Lesson2\Inheritance\Inheritance.csproj", "{E7842265-E068-45F8-A892-177116ABBDA6}"
EndProject
Project("{9A19103F-16F7-4668-BE54-9A1E7A4F7556}") = "Vehicle", "Lesson2\Vehicle\Vehicle.csproj", "{1E45C6B1-BEF0-4DC5-890D-E19C3BD6DEEF}"
EndProject
Project("{2150E333-8FDC-42A3-9474-1A3956D46DE8}") = "Lesson3", "Lesson3", "{581B3478-F6F7-4DF6-B7E9-6C5D30BFE189}"
EndProject
Project("{9A19103F-16F7-4668-BE54-9A1E7A4F7556}") = "Abstraction", "Lesson3\Abstraction\Abstraction.csproj", "{98305E25-CACC-4D53-848E-89E2450639A8}"
EndProject
Project("{9A19103F-16F7-4668-BE54-9A1E7A4F7556}") = "Interfase", "Lesson3\Interfase\Interfase.csproj", "{AD8A2B80-E23E-42C7-9C59-9A011CBAFDE2}"
EndProject
Project("{2150E333-8FDC-42A3-9474-1A3956D46DE8}") = "Lesson4", "Lesson4", "{1AEDBA87-131F-4FDF-97AA-E39CF218860A}"
EndProject
Project("{2150E333-8FDC-42A3-9474-1A3956D46DE8}") = "Lesson5", "Lesson5", "{7288208F-A8E0-4CD0-861B-9443E471D66C}"
EndProject
Project("{9A19103F-16F7-4668-BE54-9A1E7A4F7556}") = "Static", "Lesson5\Static\Static.csproj", "{14807E67-A61C-4426-99EB-5FCD284CD7CF}"
EndProject
Project("{2150E333-8FDC-42A3-9474-1A3956D46DE8}") = "Lesson9", "Lesson9", "{19759F05-1328-48BE-AF1B-53CD937717A9}"
EndProject
Project("{9A19103F-16F7-4668-BE54-9A1E7A4F7556}") = "Delegate", "Lesson9\Delegate\Delegate.csproj", "{854B0AEC-0B82-4ED7-9C19-9D3D2386E387}"
EndProject
Project("{9A19103F-16F7-4668-BE54-9A1E7A4F7556}") = "LamblaMetods", "Lesson9\LamblaMetods\LamblaMetods.csproj", "{D2F15B69-317C-404D-94E9-3B49A34A4ED1}"
EndProject
Project("{2150E333-8FDC-42A3-9474-1A3956D46DE8}") = "Lesson7", "Lesson7", "{56CBD143-46CA-4C78-9095-62DC1E95D6BB}"
EndProject
Project("{9A19103F-16F7-4668-BE54-9A1E7A4F7556}") = "Accauntant", "Lesson7\Structure\Accauntant.csproj", "{FD99C535-A140-40AD-8BC3-2C6736B5D6B7}"
EndProject
Project("{9A19103F-16F7-4668-BE54-9A1E7A4F7556}") = "Print", "Lesson7\Print\Print.csproj", "{80DF2D5A-0D4B-471C-BBA6-463DE2147C98}"
EndProject
Project("{9A19103F-16F7-4668-BE54-9A1E7A4F7556}") = "DataTime", "Lesson7\DataTime\DataTime.csproj", "{5A13201D-0F36-4B04-9FE8-13457B2D1D19}"
EndProject
Project("{2150E333-8FDC-42A3-9474-1A3956D46DE8}") = "Lesson10", "Lesson10", "{85F82563-7D4E-4824-8665-85FC524B677C}"
EndProject
Project("{9A19103F-16F7-4668-BE54-9A1E7A4F7556}") = "Generic", "Lesson10\Generic\Generic.csproj", "{491558DB-F414-4258-908B-AF5752FDEF00}"
EndProject
Project("{9A19103F-16F7-4668-BE54-9A1E7A4F7556}") = "MyDictionary", "Lesson10\MyDictionary\MyDictionary.csproj", "{16C2E85A-C305-4A16-8721-CB62CA035B2C}"
EndProject
Project("{FAE04EC0-301F-11D3-BF4B-00C04F79EFBC}") = "MyList", "Lesson10\MyList\MyList.csproj", "{D3CA93B1-FD44-4E59-AE76-893DF9752C38}"
EndProject
Project("{2150E333-8FDC-42A3-9474-1A3956D46DE8}") = "Lesson12", "Lesson12", "{1BF5E142-A508-4EEE-865E-46C5485F1BE9}"
EndProject
Project("{9A19103F-16F7-4668-BE54-9A1E7A4F7556}") = "Event", "Lesson12\Event\Event.csproj", "{FEA06301-D46B-46CD-98DB-43F5532B6A6D}"
EndProject
Project("{9A19103F-16F7-4668-BE54-9A1E7A4F7556}") = "MVP", "Lesson12\MVP\MVP.csproj", "{20E0FA97-07F3-46E4-8E95-670AA8FC3BE5}"
EndProject
Project("{FAE04EC0-301F-11D3-BF4B-00C04F79EFBC}") = "Collections", "Lesson14\Collections\Collections.csproj", "{94413F0B-5FB8-4F14-ABCE-175AAE14ECF0}"
EndProject
Project("{FAE04EC0-301F-11D3-BF4B-00C04F79EFBC}") = "UserCollection", "Lesson14\UserCollection\UserCollection.csproj", "{AD72C7C5-0610-47DA-B57A-C0D5EF1BE39F}"
EndProject
Project("{9A19103F-16F7-4668-BE54-9A1E7A4F7556}") = "Calculator", "Lesson15\Calculator\Calculator.csproj", "{94902758-88E0-445B-AEBE-60A49A5194B0}"
EndProject
Project("{9A19103F-16F7-4668-BE54-9A1E7A4F7556}") = "Worker", "Lesson15\Worker\Worker.csproj", "{763BA9B2-CA0E-40E0-BD18-8E8856C54053}"
EndProject
Project("{9A19103F-16F7-4668-BE54-9A1E7A4F7556}") = "Store", "Lesson4\Store\Store.csproj", "{9F44BBA0-4FA9-4B20-B89C-151FA710BCDE}"
EndProject
Project("{2150E333-8FDC-42A3-9474-1A3956D46DE8}") = "Lesson17", "Lesson17", "{23727605-572F-4119-B66D-5B66EC333DB0}"
EndProject
Project("{9A19103F-16F7-4668-BE54-9A1E7A4F7556}") = "Anonymouse", "Lesson17\Anonymouse\Anonymouse.csproj", "{21147376-2AC5-4D29-98F9-7E09131B50AF}"
EndProject
Project("{9A19103F-16F7-4668-BE54-9A1E7A4F7556}") = "AutoShop", "Lesson17\AutoShop\AutoShop.csproj", "{1FF28B9D-70CC-4356-86B4-7C7274FDE750}"
EndProject
Project("{2150E333-8FDC-42A3-9474-1A3956D46DE8}") = "Lesson18", "Lesson18", "{A376295C-484A-4E63-BBE1-6A411272DD5F}"
EndProject
Project("{9A19103F-16F7-4668-BE54-9A1E7A4F7556}") = "NameSpace", "Lesson18\NameSpace\NameSpace.csproj", "{ABD22159-0BE7-456F-9100-41998C1D3AF5}"
EndProject
Project("{FAE04EC0-301F-11D3-BF4B-00C04F79EFBC}") = "Dictionary", "Lesson18\Dictionary\Dictionary.csproj", "{C934C418-EAD1-4E37-A596-4EFC865EBE2E}"
EndProject
Global
	GlobalSection(SolutionConfigurationPlatforms) = preSolution
		Debug|Any CPU = Debug|Any CPU
		Debug|x86 = Debug|x86
		Release|Any CPU = Release|Any CPU
		Release|x86 = Release|x86
	EndGlobalSection
	GlobalSection(ProjectConfigurationPlatforms) = postSolution
		{D292CF52-9E94-41F1-A8D5-4C489509983D}.Debug|Any CPU.ActiveCfg = Debug|Any CPU
		{D292CF52-9E94-41F1-A8D5-4C489509983D}.Debug|Any CPU.Build.0 = Debug|Any CPU
		{D292CF52-9E94-41F1-A8D5-4C489509983D}.Debug|x86.ActiveCfg = Debug|Any CPU
		{D292CF52-9E94-41F1-A8D5-4C489509983D}.Debug|x86.Build.0 = Debug|Any CPU
		{D292CF52-9E94-41F1-A8D5-4C489509983D}.Release|Any CPU.ActiveCfg = Release|Any CPU
		{D292CF52-9E94-41F1-A8D5-4C489509983D}.Release|Any CPU.Build.0 = Release|Any CPU
		{D292CF52-9E94-41F1-A8D5-4C489509983D}.Release|x86.ActiveCfg = Release|Any CPU
		{D292CF52-9E94-41F1-A8D5-4C489509983D}.Release|x86.Build.0 = Release|Any CPU
		{F3922DC8-98B9-4606-93BB-2DBEDF29A4C0}.Debug|Any CPU.ActiveCfg = Debug|Any CPU
		{F3922DC8-98B9-4606-93BB-2DBEDF29A4C0}.Debug|Any CPU.Build.0 = Debug|Any CPU
		{F3922DC8-98B9-4606-93BB-2DBEDF29A4C0}.Debug|x86.ActiveCfg = Debug|Any CPU
		{F3922DC8-98B9-4606-93BB-2DBEDF29A4C0}.Debug|x86.Build.0 = Debug|Any CPU
		{F3922DC8-98B9-4606-93BB-2DBEDF29A4C0}.Release|Any CPU.ActiveCfg = Release|Any CPU
		{F3922DC8-98B9-4606-93BB-2DBEDF29A4C0}.Release|Any CPU.Build.0 = Release|Any CPU
		{F3922DC8-98B9-4606-93BB-2DBEDF29A4C0}.Release|x86.ActiveCfg = Release|Any CPU
		{F3922DC8-98B9-4606-93BB-2DBEDF29A4C0}.Release|x86.Build.0 = Release|Any CPU
		{EF5CFD7B-157E-4E11-BD21-86F55AFEF1B6}.Debug|Any CPU.ActiveCfg = Debug|Any CPU
		{EF5CFD7B-157E-4E11-BD21-86F55AFEF1B6}.Debug|Any CPU.Build.0 = Debug|Any CPU
		{EF5CFD7B-157E-4E11-BD21-86F55AFEF1B6}.Debug|x86.ActiveCfg = Debug|Any CPU
		{EF5CFD7B-157E-4E11-BD21-86F55AFEF1B6}.Debug|x86.Build.0 = Debug|Any CPU
		{EF5CFD7B-157E-4E11-BD21-86F55AFEF1B6}.Release|Any CPU.ActiveCfg = Release|Any CPU
		{EF5CFD7B-157E-4E11-BD21-86F55AFEF1B6}.Release|Any CPU.Build.0 = Release|Any CPU
		{EF5CFD7B-157E-4E11-BD21-86F55AFEF1B6}.Release|x86.ActiveCfg = Release|Any CPU
		{EF5CFD7B-157E-4E11-BD21-86F55AFEF1B6}.Release|x86.Build.0 = Release|Any CPU
		{15BA1E82-4B82-4C89-83CC-595AA3699EF7}.Debug|Any CPU.ActiveCfg = Debug|Any CPU
		{15BA1E82-4B82-4C89-83CC-595AA3699EF7}.Debug|Any CPU.Build.0 = Debug|Any CPU
		{15BA1E82-4B82-4C89-83CC-595AA3699EF7}.Debug|x86.ActiveCfg = Debug|Any CPU
		{15BA1E82-4B82-4C89-83CC-595AA3699EF7}.Debug|x86.Build.0 = Debug|Any CPU
		{15BA1E82-4B82-4C89-83CC-595AA3699EF7}.Release|Any CPU.ActiveCfg = Release|Any CPU
		{15BA1E82-4B82-4C89-83CC-595AA3699EF7}.Release|Any CPU.Build.0 = Release|Any CPU
		{15BA1E82-4B82-4C89-83CC-595AA3699EF7}.Release|x86.ActiveCfg = Release|Any CPU
		{15BA1E82-4B82-4C89-83CC-595AA3699EF7}.Release|x86.Build.0 = Release|Any CPU
		{B247EE79-E42D-4662-BF32-36E80B444A85}.Debug|Any CPU.ActiveCfg = Debug|Any CPU
		{B247EE79-E42D-4662-BF32-36E80B444A85}.Debug|Any CPU.Build.0 = Debug|Any CPU
		{B247EE79-E42D-4662-BF32-36E80B444A85}.Debug|x86.ActiveCfg = Debug|Any CPU
		{B247EE79-E42D-4662-BF32-36E80B444A85}.Debug|x86.Build.0 = Debug|Any CPU
		{B247EE79-E42D-4662-BF32-36E80B444A85}.Release|Any CPU.ActiveCfg = Release|Any CPU
		{B247EE79-E42D-4662-BF32-36E80B444A85}.Release|Any CPU.Build.0 = Release|Any CPU
		{B247EE79-E42D-4662-BF32-36E80B444A85}.Release|x86.ActiveCfg = Release|Any CPU
		{B247EE79-E42D-4662-BF32-36E80B444A85}.Release|x86.Build.0 = Release|Any CPU
		{80977CAE-364D-4706-A14B-62828BCF37BB}.Debug|Any CPU.ActiveCfg = Debug|Any CPU
		{80977CAE-364D-4706-A14B-62828BCF37BB}.Debug|Any CPU.Build.0 = Debug|Any CPU
		{80977CAE-364D-4706-A14B-62828BCF37BB}.Debug|x86.ActiveCfg = Debug|Any CPU
		{80977CAE-364D-4706-A14B-62828BCF37BB}.Debug|x86.Build.0 = Debug|Any CPU
		{80977CAE-364D-4706-A14B-62828BCF37BB}.Release|Any CPU.ActiveCfg = Release|Any CPU
		{80977CAE-364D-4706-A14B-62828BCF37BB}.Release|Any CPU.Build.0 = Release|Any CPU
		{80977CAE-364D-4706-A14B-62828BCF37BB}.Release|x86.ActiveCfg = Release|Any CPU
		{80977CAE-364D-4706-A14B-62828BCF37BB}.Release|x86.Build.0 = Release|Any CPU
		{BD2E8938-9C2B-4A53-8AC9-221AD540BF38}.Debug|Any CPU.ActiveCfg = Debug|Any CPU
		{BD2E8938-9C2B-4A53-8AC9-221AD540BF38}.Debug|Any CPU.Build.0 = Debug|Any CPU
		{BD2E8938-9C2B-4A53-8AC9-221AD540BF38}.Debug|x86.ActiveCfg = Debug|Any CPU
		{BD2E8938-9C2B-4A53-8AC9-221AD540BF38}.Debug|x86.Build.0 = Debug|Any CPU
		{BD2E8938-9C2B-4A53-8AC9-221AD540BF38}.Release|Any CPU.ActiveCfg = Release|Any CPU
		{BD2E8938-9C2B-4A53-8AC9-221AD540BF38}.Release|Any CPU.Build.0 = Release|Any CPU
		{BD2E8938-9C2B-4A53-8AC9-221AD540BF38}.Release|x86.ActiveCfg = Release|Any CPU
		{BD2E8938-9C2B-4A53-8AC9-221AD540BF38}.Release|x86.Build.0 = Release|Any CPU
		{BC9744E5-F160-4E2E-BAA7-89EDE4A6D71D}.Debug|Any CPU.ActiveCfg = Debug|Any CPU
		{BC9744E5-F160-4E2E-BAA7-89EDE4A6D71D}.Debug|Any CPU.Build.0 = Debug|Any CPU
		{BC9744E5-F160-4E2E-BAA7-89EDE4A6D71D}.Debug|x86.ActiveCfg = Debug|Any CPU
		{BC9744E5-F160-4E2E-BAA7-89EDE4A6D71D}.Debug|x86.Build.0 = Debug|Any CPU
		{BC9744E5-F160-4E2E-BAA7-89EDE4A6D71D}.Release|Any CPU.ActiveCfg = Release|Any CPU
		{BC9744E5-F160-4E2E-BAA7-89EDE4A6D71D}.Release|Any CPU.Build.0 = Release|Any CPU
		{BC9744E5-F160-4E2E-BAA7-89EDE4A6D71D}.Release|x86.ActiveCfg = Release|Any CPU
		{BC9744E5-F160-4E2E-BAA7-89EDE4A6D71D}.Release|x86.Build.0 = Release|Any CPU
		{6689CEAE-8313-4E69-888B-23B9C4C472F6}.Debug|Any CPU.ActiveCfg = Debug|Any CPU
		{6689CEAE-8313-4E69-888B-23B9C4C472F6}.Debug|Any CPU.Build.0 = Debug|Any CPU
		{6689CEAE-8313-4E69-888B-23B9C4C472F6}.Debug|x86.ActiveCfg = Debug|Any CPU
		{6689CEAE-8313-4E69-888B-23B9C4C472F6}.Debug|x86.Build.0 = Debug|Any CPU
		{6689CEAE-8313-4E69-888B-23B9C4C472F6}.Release|Any CPU.ActiveCfg = Release|Any CPU
		{6689CEAE-8313-4E69-888B-23B9C4C472F6}.Release|Any CPU.Build.0 = Release|Any CPU
		{6689CEAE-8313-4E69-888B-23B9C4C472F6}.Release|x86.ActiveCfg = Release|Any CPU
		{6689CEAE-8313-4E69-888B-23B9C4C472F6}.Release|x86.Build.0 = Release|Any CPU
		{E7842265-E068-45F8-A892-177116ABBDA6}.Debug|Any CPU.ActiveCfg = Debug|Any CPU
		{E7842265-E068-45F8-A892-177116ABBDA6}.Debug|Any CPU.Build.0 = Debug|Any CPU
		{E7842265-E068-45F8-A892-177116ABBDA6}.Debug|x86.ActiveCfg = Debug|Any CPU
		{E7842265-E068-45F8-A892-177116ABBDA6}.Debug|x86.Build.0 = Debug|Any CPU
		{E7842265-E068-45F8-A892-177116ABBDA6}.Release|Any CPU.ActiveCfg = Release|Any CPU
		{E7842265-E068-45F8-A892-177116ABBDA6}.Release|Any CPU.Build.0 = Release|Any CPU
		{E7842265-E068-45F8-A892-177116ABBDA6}.Release|x86.ActiveCfg = Release|Any CPU
		{E7842265-E068-45F8-A892-177116ABBDA6}.Release|x86.Build.0 = Release|Any CPU
		{1E45C6B1-BEF0-4DC5-890D-E19C3BD6DEEF}.Debug|Any CPU.ActiveCfg = Debug|Any CPU
		{1E45C6B1-BEF0-4DC5-890D-E19C3BD6DEEF}.Debug|Any CPU.Build.0 = Debug|Any CPU
		{1E45C6B1-BEF0-4DC5-890D-E19C3BD6DEEF}.Debug|x86.ActiveCfg = Debug|Any CPU
		{1E45C6B1-BEF0-4DC5-890D-E19C3BD6DEEF}.Debug|x86.Build.0 = Debug|Any CPU
		{1E45C6B1-BEF0-4DC5-890D-E19C3BD6DEEF}.Release|Any CPU.ActiveCfg = Release|Any CPU
		{1E45C6B1-BEF0-4DC5-890D-E19C3BD6DEEF}.Release|Any CPU.Build.0 = Release|Any CPU
		{1E45C6B1-BEF0-4DC5-890D-E19C3BD6DEEF}.Release|x86.ActiveCfg = Release|Any CPU
		{1E45C6B1-BEF0-4DC5-890D-E19C3BD6DEEF}.Release|x86.Build.0 = Release|Any CPU
		{98305E25-CACC-4D53-848E-89E2450639A8}.Debug|Any CPU.ActiveCfg = Debug|Any CPU
		{98305E25-CACC-4D53-848E-89E2450639A8}.Debug|Any CPU.Build.0 = Debug|Any CPU
		{98305E25-CACC-4D53-848E-89E2450639A8}.Debug|x86.ActiveCfg = Debug|Any CPU
		{98305E25-CACC-4D53-848E-89E2450639A8}.Debug|x86.Build.0 = Debug|Any CPU
		{98305E25-CACC-4D53-848E-89E2450639A8}.Release|Any CPU.ActiveCfg = Release|Any CPU
		{98305E25-CACC-4D53-848E-89E2450639A8}.Release|Any CPU.Build.0 = Release|Any CPU
		{98305E25-CACC-4D53-848E-89E2450639A8}.Release|x86.ActiveCfg = Release|Any CPU
		{98305E25-CACC-4D53-848E-89E2450639A8}.Release|x86.Build.0 = Release|Any CPU
		{AD8A2B80-E23E-42C7-9C59-9A011CBAFDE2}.Debug|Any CPU.ActiveCfg = Debug|Any CPU
		{AD8A2B80-E23E-42C7-9C59-9A011CBAFDE2}.Debug|Any CPU.Build.0 = Debug|Any CPU
		{AD8A2B80-E23E-42C7-9C59-9A011CBAFDE2}.Debug|x86.ActiveCfg = Debug|Any CPU
		{AD8A2B80-E23E-42C7-9C59-9A011CBAFDE2}.Debug|x86.Build.0 = Debug|Any CPU
		{AD8A2B80-E23E-42C7-9C59-9A011CBAFDE2}.Release|Any CPU.ActiveCfg = Release|Any CPU
		{AD8A2B80-E23E-42C7-9C59-9A011CBAFDE2}.Release|Any CPU.Build.0 = Release|Any CPU
		{AD8A2B80-E23E-42C7-9C59-9A011CBAFDE2}.Release|x86.ActiveCfg = Release|Any CPU
		{AD8A2B80-E23E-42C7-9C59-9A011CBAFDE2}.Release|x86.Build.0 = Release|Any CPU
		{14807E67-A61C-4426-99EB-5FCD284CD7CF}.Debug|Any CPU.ActiveCfg = Debug|Any CPU
		{14807E67-A61C-4426-99EB-5FCD284CD7CF}.Debug|Any CPU.Build.0 = Debug|Any CPU
		{14807E67-A61C-4426-99EB-5FCD284CD7CF}.Debug|x86.ActiveCfg = Debug|Any CPU
		{14807E67-A61C-4426-99EB-5FCD284CD7CF}.Debug|x86.Build.0 = Debug|Any CPU
		{14807E67-A61C-4426-99EB-5FCD284CD7CF}.Release|Any CPU.ActiveCfg = Release|Any CPU
		{14807E67-A61C-4426-99EB-5FCD284CD7CF}.Release|Any CPU.Build.0 = Release|Any CPU
		{14807E67-A61C-4426-99EB-5FCD284CD7CF}.Release|x86.ActiveCfg = Release|Any CPU
		{14807E67-A61C-4426-99EB-5FCD284CD7CF}.Release|x86.Build.0 = Release|Any CPU
		{854B0AEC-0B82-4ED7-9C19-9D3D2386E387}.Debug|Any CPU.ActiveCfg = Debug|Any CPU
		{854B0AEC-0B82-4ED7-9C19-9D3D2386E387}.Debug|Any CPU.Build.0 = Debug|Any CPU
		{854B0AEC-0B82-4ED7-9C19-9D3D2386E387}.Debug|x86.ActiveCfg = Debug|Any CPU
		{854B0AEC-0B82-4ED7-9C19-9D3D2386E387}.Debug|x86.Build.0 = Debug|Any CPU
		{854B0AEC-0B82-4ED7-9C19-9D3D2386E387}.Release|Any CPU.ActiveCfg = Release|Any CPU
		{854B0AEC-0B82-4ED7-9C19-9D3D2386E387}.Release|Any CPU.Build.0 = Release|Any CPU
		{854B0AEC-0B82-4ED7-9C19-9D3D2386E387}.Release|x86.ActiveCfg = Release|Any CPU
		{854B0AEC-0B82-4ED7-9C19-9D3D2386E387}.Release|x86.Build.0 = Release|Any CPU
		{D2F15B69-317C-404D-94E9-3B49A34A4ED1}.Debug|Any CPU.ActiveCfg = Debug|Any CPU
		{D2F15B69-317C-404D-94E9-3B49A34A4ED1}.Debug|Any CPU.Build.0 = Debug|Any CPU
		{D2F15B69-317C-404D-94E9-3B49A34A4ED1}.Debug|x86.ActiveCfg = Debug|Any CPU
		{D2F15B69-317C-404D-94E9-3B49A34A4ED1}.Debug|x86.Build.0 = Debug|Any CPU
		{D2F15B69-317C-404D-94E9-3B49A34A4ED1}.Release|Any CPU.ActiveCfg = Release|Any CPU
		{D2F15B69-317C-404D-94E9-3B49A34A4ED1}.Release|Any CPU.Build.0 = Release|Any CPU
		{D2F15B69-317C-404D-94E9-3B49A34A4ED1}.Release|x86.ActiveCfg = Release|Any CPU
		{D2F15B69-317C-404D-94E9-3B49A34A4ED1}.Release|x86.Build.0 = Release|Any CPU
		{FD99C535-A140-40AD-8BC3-2C6736B5D6B7}.Debug|Any CPU.ActiveCfg = Debug|Any CPU
		{FD99C535-A140-40AD-8BC3-2C6736B5D6B7}.Debug|Any CPU.Build.0 = Debug|Any CPU
		{FD99C535-A140-40AD-8BC3-2C6736B5D6B7}.Debug|x86.ActiveCfg = Debug|Any CPU
		{FD99C535-A140-40AD-8BC3-2C6736B5D6B7}.Debug|x86.Build.0 = Debug|Any CPU
		{FD99C535-A140-40AD-8BC3-2C6736B5D6B7}.Release|Any CPU.ActiveCfg = Release|Any CPU
		{FD99C535-A140-40AD-8BC3-2C6736B5D6B7}.Release|Any CPU.Build.0 = Release|Any CPU
		{FD99C535-A140-40AD-8BC3-2C6736B5D6B7}.Release|x86.ActiveCfg = Release|Any CPU
		{FD99C535-A140-40AD-8BC3-2C6736B5D6B7}.Release|x86.Build.0 = Release|Any CPU
		{80DF2D5A-0D4B-471C-BBA6-463DE2147C98}.Debug|Any CPU.ActiveCfg = Debug|Any CPU
		{80DF2D5A-0D4B-471C-BBA6-463DE2147C98}.Debug|Any CPU.Build.0 = Debug|Any CPU
		{80DF2D5A-0D4B-471C-BBA6-463DE2147C98}.Debug|x86.ActiveCfg = Debug|Any CPU
		{80DF2D5A-0D4B-471C-BBA6-463DE2147C98}.Debug|x86.Build.0 = Debug|Any CPU
		{80DF2D5A-0D4B-471C-BBA6-463DE2147C98}.Release|Any CPU.ActiveCfg = Release|Any CPU
		{80DF2D5A-0D4B-471C-BBA6-463DE2147C98}.Release|Any CPU.Build.0 = Release|Any CPU
		{80DF2D5A-0D4B-471C-BBA6-463DE2147C98}.Release|x86.ActiveCfg = Release|Any CPU
		{80DF2D5A-0D4B-471C-BBA6-463DE2147C98}.Release|x86.Build.0 = Release|Any CPU
		{5A13201D-0F36-4B04-9FE8-13457B2D1D19}.Debug|Any CPU.ActiveCfg = Debug|Any CPU
		{5A13201D-0F36-4B04-9FE8-13457B2D1D19}.Debug|Any CPU.Build.0 = Debug|Any CPU
		{5A13201D-0F36-4B04-9FE8-13457B2D1D19}.Debug|x86.ActiveCfg = Debug|Any CPU
		{5A13201D-0F36-4B04-9FE8-13457B2D1D19}.Debug|x86.Build.0 = Debug|Any CPU
		{5A13201D-0F36-4B04-9FE8-13457B2D1D19}.Release|Any CPU.ActiveCfg = Release|Any CPU
		{5A13201D-0F36-4B04-9FE8-13457B2D1D19}.Release|Any CPU.Build.0 = Release|Any CPU
		{5A13201D-0F36-4B04-9FE8-13457B2D1D19}.Release|x86.ActiveCfg = Release|Any CPU
		{5A13201D-0F36-4B04-9FE8-13457B2D1D19}.Release|x86.Build.0 = Release|Any CPU
		{491558DB-F414-4258-908B-AF5752FDEF00}.Debug|Any CPU.ActiveCfg = Debug|Any CPU
		{491558DB-F414-4258-908B-AF5752FDEF00}.Debug|Any CPU.Build.0 = Debug|Any CPU
		{491558DB-F414-4258-908B-AF5752FDEF00}.Debug|x86.ActiveCfg = Debug|Any CPU
		{491558DB-F414-4258-908B-AF5752FDEF00}.Debug|x86.Build.0 = Debug|Any CPU
		{491558DB-F414-4258-908B-AF5752FDEF00}.Release|Any CPU.ActiveCfg = Release|Any CPU
		{491558DB-F414-4258-908B-AF5752FDEF00}.Release|Any CPU.Build.0 = Release|Any CPU
		{491558DB-F414-4258-908B-AF5752FDEF00}.Release|x86.ActiveCfg = Release|Any CPU
		{491558DB-F414-4258-908B-AF5752FDEF00}.Release|x86.Build.0 = Release|Any CPU
		{16C2E85A-C305-4A16-8721-CB62CA035B2C}.Debug|Any CPU.ActiveCfg = Debug|Any CPU
		{16C2E85A-C305-4A16-8721-CB62CA035B2C}.Debug|Any CPU.Build.0 = Debug|Any CPU
		{16C2E85A-C305-4A16-8721-CB62CA035B2C}.Debug|x86.ActiveCfg = Debug|Any CPU
		{16C2E85A-C305-4A16-8721-CB62CA035B2C}.Debug|x86.Build.0 = Debug|Any CPU
		{16C2E85A-C305-4A16-8721-CB62CA035B2C}.Release|Any CPU.ActiveCfg = Release|Any CPU
		{16C2E85A-C305-4A16-8721-CB62CA035B2C}.Release|Any CPU.Build.0 = Release|Any CPU
		{16C2E85A-C305-4A16-8721-CB62CA035B2C}.Release|x86.ActiveCfg = Release|Any CPU
		{16C2E85A-C305-4A16-8721-CB62CA035B2C}.Release|x86.Build.0 = Release|Any CPU
		{D3CA93B1-FD44-4E59-AE76-893DF9752C38}.Debug|Any CPU.ActiveCfg = Debug|Any CPU
		{D3CA93B1-FD44-4E59-AE76-893DF9752C38}.Debug|Any CPU.Build.0 = Debug|Any CPU
		{D3CA93B1-FD44-4E59-AE76-893DF9752C38}.Debug|x86.ActiveCfg = Debug|Any CPU
		{D3CA93B1-FD44-4E59-AE76-893DF9752C38}.Debug|x86.Build.0 = Debug|Any CPU
		{D3CA93B1-FD44-4E59-AE76-893DF9752C38}.Release|Any CPU.ActiveCfg = Release|Any CPU
		{D3CA93B1-FD44-4E59-AE76-893DF9752C38}.Release|Any CPU.Build.0 = Release|Any CPU
		{D3CA93B1-FD44-4E59-AE76-893DF9752C38}.Release|x86.ActiveCfg = Release|Any CPU
		{D3CA93B1-FD44-4E59-AE76-893DF9752C38}.Release|x86.Build.0 = Release|Any CPU
		{FEA06301-D46B-46CD-98DB-43F5532B6A6D}.Debug|Any CPU.ActiveCfg = Debug|Any CPU
		{FEA06301-D46B-46CD-98DB-43F5532B6A6D}.Debug|Any CPU.Build.0 = Debug|Any CPU
		{FEA06301-D46B-46CD-98DB-43F5532B6A6D}.Debug|x86.ActiveCfg = Debug|Any CPU
		{FEA06301-D46B-46CD-98DB-43F5532B6A6D}.Debug|x86.Build.0 = Debug|Any CPU
		{FEA06301-D46B-46CD-98DB-43F5532B6A6D}.Release|Any CPU.ActiveCfg = Release|Any CPU
		{FEA06301-D46B-46CD-98DB-43F5532B6A6D}.Release|Any CPU.Build.0 = Release|Any CPU
		{FEA06301-D46B-46CD-98DB-43F5532B6A6D}.Release|x86.ActiveCfg = Release|Any CPU
		{FEA06301-D46B-46CD-98DB-43F5532B6A6D}.Release|x86.Build.0 = Release|Any CPU
		{20E0FA97-07F3-46E4-8E95-670AA8FC3BE5}.Debug|Any CPU.ActiveCfg = Debug|Any CPU
		{20E0FA97-07F3-46E4-8E95-670AA8FC3BE5}.Debug|Any CPU.Build.0 = Debug|Any CPU
		{20E0FA97-07F3-46E4-8E95-670AA8FC3BE5}.Debug|x86.ActiveCfg = Debug|Any CPU
		{20E0FA97-07F3-46E4-8E95-670AA8FC3BE5}.Debug|x86.Build.0 = Debug|Any CPU
		{20E0FA97-07F3-46E4-8E95-670AA8FC3BE5}.Release|Any CPU.ActiveCfg = Release|Any CPU
		{20E0FA97-07F3-46E4-8E95-670AA8FC3BE5}.Release|Any CPU.Build.0 = Release|Any CPU
		{20E0FA97-07F3-46E4-8E95-670AA8FC3BE5}.Release|x86.ActiveCfg = Release|Any CPU
		{20E0FA97-07F3-46E4-8E95-670AA8FC3BE5}.Release|x86.Build.0 = Release|Any CPU
		{94413F0B-5FB8-4F14-ABCE-175AAE14ECF0}.Debug|Any CPU.ActiveCfg = Debug|Any CPU
		{94413F0B-5FB8-4F14-ABCE-175AAE14ECF0}.Debug|Any CPU.Build.0 = Debug|Any CPU
		{94413F0B-5FB8-4F14-ABCE-175AAE14ECF0}.Debug|x86.ActiveCfg = Debug|Any CPU
		{94413F0B-5FB8-4F14-ABCE-175AAE14ECF0}.Debug|x86.Build.0 = Debug|Any CPU
		{94413F0B-5FB8-4F14-ABCE-175AAE14ECF0}.Release|Any CPU.ActiveCfg = Release|Any CPU
		{94413F0B-5FB8-4F14-ABCE-175AAE14ECF0}.Release|Any CPU.Build.0 = Release|Any CPU
		{94413F0B-5FB8-4F14-ABCE-175AAE14ECF0}.Release|x86.ActiveCfg = Release|Any CPU
		{94413F0B-5FB8-4F14-ABCE-175AAE14ECF0}.Release|x86.Build.0 = Release|Any CPU
		{AD72C7C5-0610-47DA-B57A-C0D5EF1BE39F}.Debug|Any CPU.ActiveCfg = Debug|Any CPU
		{AD72C7C5-0610-47DA-B57A-C0D5EF1BE39F}.Debug|Any CPU.Build.0 = Debug|Any CPU
		{AD72C7C5-0610-47DA-B57A-C0D5EF1BE39F}.Debug|x86.ActiveCfg = Debug|Any CPU
		{AD72C7C5-0610-47DA-B57A-C0D5EF1BE39F}.Debug|x86.Build.0 = Debug|Any CPU
		{AD72C7C5-0610-47DA-B57A-C0D5EF1BE39F}.Release|Any CPU.ActiveCfg = Release|Any CPU
		{AD72C7C5-0610-47DA-B57A-C0D5EF1BE39F}.Release|Any CPU.Build.0 = Release|Any CPU
		{AD72C7C5-0610-47DA-B57A-C0D5EF1BE39F}.Release|x86.ActiveCfg = Release|Any CPU
		{AD72C7C5-0610-47DA-B57A-C0D5EF1BE39F}.Release|x86.Build.0 = Release|Any CPU
		{94902758-88E0-445B-AEBE-60A49A5194B0}.Debug|Any CPU.ActiveCfg = Debug|Any CPU
		{94902758-88E0-445B-AEBE-60A49A5194B0}.Debug|Any CPU.Build.0 = Debug|Any CPU
		{94902758-88E0-445B-AEBE-60A49A5194B0}.Debug|x86.ActiveCfg = Debug|Any CPU
		{94902758-88E0-445B-AEBE-60A49A5194B0}.Debug|x86.Build.0 = Debug|Any CPU
		{94902758-88E0-445B-AEBE-60A49A5194B0}.Release|Any CPU.ActiveCfg = Release|Any CPU
		{94902758-88E0-445B-AEBE-60A49A5194B0}.Release|Any CPU.Build.0 = Release|Any CPU
		{94902758-88E0-445B-AEBE-60A49A5194B0}.Release|x86.ActiveCfg = Release|Any CPU
		{94902758-88E0-445B-AEBE-60A49A5194B0}.Release|x86.Build.0 = Release|Any CPU
		{763BA9B2-CA0E-40E0-BD18-8E8856C54053}.Debug|Any CPU.ActiveCfg = Debug|Any CPU
		{763BA9B2-CA0E-40E0-BD18-8E8856C54053}.Debug|Any CPU.Build.0 = Debug|Any CPU
		{763BA9B2-CA0E-40E0-BD18-8E8856C54053}.Debug|x86.ActiveCfg = Debug|Any CPU
		{763BA9B2-CA0E-40E0-BD18-8E8856C54053}.Debug|x86.Build.0 = Debug|Any CPU
		{763BA9B2-CA0E-40E0-BD18-8E8856C54053}.Release|Any CPU.ActiveCfg = Release|Any CPU
		{763BA9B2-CA0E-40E0-BD18-8E8856C54053}.Release|Any CPU.Build.0 = Release|Any CPU
		{763BA9B2-CA0E-40E0-BD18-8E8856C54053}.Release|x86.ActiveCfg = Release|Any CPU
		{763BA9B2-CA0E-40E0-BD18-8E8856C54053}.Release|x86.Build.0 = Release|Any CPU
		{9F44BBA0-4FA9-4B20-B89C-151FA710BCDE}.Debug|Any CPU.ActiveCfg = Debug|Any CPU
		{9F44BBA0-4FA9-4B20-B89C-151FA710BCDE}.Debug|Any CPU.Build.0 = Debug|Any CPU
		{9F44BBA0-4FA9-4B20-B89C-151FA710BCDE}.Debug|x86.ActiveCfg = Debug|Any CPU
		{9F44BBA0-4FA9-4B20-B89C-151FA710BCDE}.Debug|x86.Build.0 = Debug|Any CPU
		{9F44BBA0-4FA9-4B20-B89C-151FA710BCDE}.Release|Any CPU.ActiveCfg = Release|Any CPU
		{9F44BBA0-4FA9-4B20-B89C-151FA710BCDE}.Release|Any CPU.Build.0 = Release|Any CPU
		{9F44BBA0-4FA9-4B20-B89C-151FA710BCDE}.Release|x86.ActiveCfg = Release|Any CPU
		{9F44BBA0-4FA9-4B20-B89C-151FA710BCDE}.Release|x86.Build.0 = Release|Any CPU
		{21147376-2AC5-4D29-98F9-7E09131B50AF}.Debug|Any CPU.ActiveCfg = Debug|Any CPU
		{21147376-2AC5-4D29-98F9-7E09131B50AF}.Debug|Any CPU.Build.0 = Debug|Any CPU
		{21147376-2AC5-4D29-98F9-7E09131B50AF}.Debug|x86.ActiveCfg = Debug|Any CPU
		{21147376-2AC5-4D29-98F9-7E09131B50AF}.Debug|x86.Build.0 = Debug|Any CPU
		{21147376-2AC5-4D29-98F9-7E09131B50AF}.Release|Any CPU.ActiveCfg = Release|Any CPU
		{21147376-2AC5-4D29-98F9-7E09131B50AF}.Release|Any CPU.Build.0 = Release|Any CPU
		{21147376-2AC5-4D29-98F9-7E09131B50AF}.Release|x86.ActiveCfg = Release|Any CPU
		{21147376-2AC5-4D29-98F9-7E09131B50AF}.Release|x86.Build.0 = Release|Any CPU
		{1FF28B9D-70CC-4356-86B4-7C7274FDE750}.Debug|Any CPU.ActiveCfg = Debug|Any CPU
		{1FF28B9D-70CC-4356-86B4-7C7274FDE750}.Debug|Any CPU.Build.0 = Debug|Any CPU
		{1FF28B9D-70CC-4356-86B4-7C7274FDE750}.Debug|x86.ActiveCfg = Debug|Any CPU
		{1FF28B9D-70CC-4356-86B4-7C7274FDE750}.Debug|x86.Build.0 = Debug|Any CPU
		{1FF28B9D-70CC-4356-86B4-7C7274FDE750}.Release|Any CPU.ActiveCfg = Release|Any CPU
		{1FF28B9D-70CC-4356-86B4-7C7274FDE750}.Release|Any CPU.Build.0 = Release|Any CPU
		{1FF28B9D-70CC-4356-86B4-7C7274FDE750}.Release|x86.ActiveCfg = Release|Any CPU
		{1FF28B9D-70CC-4356-86B4-7C7274FDE750}.Release|x86.Build.0 = Release|Any CPU
		{ABD22159-0BE7-456F-9100-41998C1D3AF5}.Debug|Any CPU.ActiveCfg = Debug|Any CPU
		{ABD22159-0BE7-456F-9100-41998C1D3AF5}.Debug|Any CPU.Build.0 = Debug|Any CPU
		{ABD22159-0BE7-456F-9100-41998C1D3AF5}.Debug|x86.ActiveCfg = Debug|Any CPU
		{ABD22159-0BE7-456F-9100-41998C1D3AF5}.Debug|x86.Build.0 = Debug|Any CPU
		{ABD22159-0BE7-456F-9100-41998C1D3AF5}.Release|Any CPU.ActiveCfg = Release|Any CPU
		{ABD22159-0BE7-456F-9100-41998C1D3AF5}.Release|Any CPU.Build.0 = Release|Any CPU
		{ABD22159-0BE7-456F-9100-41998C1D3AF5}.Release|x86.ActiveCfg = Release|Any CPU
		{ABD22159-0BE7-456F-9100-41998C1D3AF5}.Release|x86.Build.0 = Release|Any CPU
		{C934C418-EAD1-4E37-A596-4EFC865EBE2E}.Debug|Any CPU.ActiveCfg = Debug|Any CPU
		{C934C418-EAD1-4E37-A596-4EFC865EBE2E}.Debug|Any CPU.Build.0 = Debug|Any CPU
		{C934C418-EAD1-4E37-A596-4EFC865EBE2E}.Debug|x86.ActiveCfg = Debug|Any CPU
		{C934C418-EAD1-4E37-A596-4EFC865EBE2E}.Debug|x86.Build.0 = Debug|Any CPU
		{C934C418-EAD1-4E37-A596-4EFC865EBE2E}.Release|Any CPU.ActiveCfg = Release|Any CPU
		{C934C418-EAD1-4E37-A596-4EFC865EBE2E}.Release|Any CPU.Build.0 = Release|Any CPU
		{C934C418-EAD1-4E37-A596-4EFC865EBE2E}.Release|x86.ActiveCfg = Release|Any CPU
		{C934C418-EAD1-4E37-A596-4EFC865EBE2E}.Release|x86.Build.0 = Release|Any CPU
	EndGlobalSection
	GlobalSection(SolutionProperties) = preSolution
		HideSolutionNode = FALSE
	EndGlobalSection
	GlobalSection(NestedProjects) = preSolution
		{D292CF52-9E94-41F1-A8D5-4C489509983D} = {7583DE69-BA66-4634-9D4A-470E6585213F}
		{F3922DC8-98B9-4606-93BB-2DBEDF29A4C0} = {7583DE69-BA66-4634-9D4A-470E6585213F}
		{EF5CFD7B-157E-4E11-BD21-86F55AFEF1B6} = {23745304-9A80-463A-B931-596251023506}
		{15BA1E82-4B82-4C89-83CC-595AA3699EF7} = {23745304-9A80-463A-B931-596251023506}
		{B247EE79-E42D-4662-BF32-36E80B444A85} = {23745304-9A80-463A-B931-596251023506}
		{80977CAE-364D-4706-A14B-62828BCF37BB} = {23745304-9A80-463A-B931-596251023506}
		{BD2E8938-9C2B-4A53-8AC9-221AD540BF38} = {23745304-9A80-463A-B931-596251023506}
		{BC9744E5-F160-4E2E-BAA7-89EDE4A6D71D} = {23745304-9A80-463A-B931-596251023506}
		{6689CEAE-8313-4E69-888B-23B9C4C472F6} = {0DF6B5AE-F0FD-4065-81A6-E0A4E81C4CED}
		{E7842265-E068-45F8-A892-177116ABBDA6} = {0DF6B5AE-F0FD-4065-81A6-E0A4E81C4CED}
		{1E45C6B1-BEF0-4DC5-890D-E19C3BD6DEEF} = {0DF6B5AE-F0FD-4065-81A6-E0A4E81C4CED}
		{98305E25-CACC-4D53-848E-89E2450639A8} = {581B3478-F6F7-4DF6-B7E9-6C5D30BFE189}
		{AD8A2B80-E23E-42C7-9C59-9A011CBAFDE2} = {581B3478-F6F7-4DF6-B7E9-6C5D30BFE189}
		{14807E67-A61C-4426-99EB-5FCD284CD7CF} = {7288208F-A8E0-4CD0-861B-9443E471D66C}
		{854B0AEC-0B82-4ED7-9C19-9D3D2386E387} = {19759F05-1328-48BE-AF1B-53CD937717A9}
		{D2F15B69-317C-404D-94E9-3B49A34A4ED1} = {19759F05-1328-48BE-AF1B-53CD937717A9}
		{FD99C535-A140-40AD-8BC3-2C6736B5D6B7} = {56CBD143-46CA-4C78-9095-62DC1E95D6BB}
		{80DF2D5A-0D4B-471C-BBA6-463DE2147C98} = {56CBD143-46CA-4C78-9095-62DC1E95D6BB}
		{5A13201D-0F36-4B04-9FE8-13457B2D1D19} = {56CBD143-46CA-4C78-9095-62DC1E95D6BB}
		{491558DB-F414-4258-908B-AF5752FDEF00} = {85F82563-7D4E-4824-8665-85FC524B677C}
		{16C2E85A-C305-4A16-8721-CB62CA035B2C} = {85F82563-7D4E-4824-8665-85FC524B677C}
		{D3CA93B1-FD44-4E59-AE76-893DF9752C38} = {85F82563-7D4E-4824-8665-85FC524B677C}
		{FEA06301-D46B-46CD-98DB-43F5532B6A6D} = {1BF5E142-A508-4EEE-865E-46C5485F1BE9}
		{20E0FA97-07F3-46E4-8E95-670AA8FC3BE5} = {1BF5E142-A508-4EEE-865E-46C5485F1BE9}
		{94413F0B-5FB8-4F14-ABCE-175AAE14ECF0} = {457B89C7-9E52-41D2-B66E-37530A62A700}
		{AD72C7C5-0610-47DA-B57A-C0D5EF1BE39F} = {457B89C7-9E52-41D2-B66E-37530A62A700}
		{94902758-88E0-445B-AEBE-60A49A5194B0} = {E43CEA7A-AB63-40A4-B523-37AF15E7E896}
		{763BA9B2-CA0E-40E0-BD18-8E8856C54053} = {E43CEA7A-AB63-40A4-B523-37AF15E7E896}
		{9F44BBA0-4FA9-4B20-B89C-151FA710BCDE} = {1AEDBA87-131F-4FDF-97AA-E39CF218860A}
		{21147376-2AC5-4D29-98F9-7E09131B50AF} = {23727605-572F-4119-B66D-5B66EC333DB0}
		{1FF28B9D-70CC-4356-86B4-7C7274FDE750} = {23727605-572F-4119-B66D-5B66EC333DB0}
		{ABD22159-0BE7-456F-9100-41998C1D3AF5} = {A376295C-484A-4E63-BBE1-6A411272DD5F}
		{C934C418-EAD1-4E37-A596-4EFC865EBE2E} = {A376295C-484A-4E63-BBE1-6A411272DD5F}
	EndGlobalSection
	GlobalSection(ExtensibilityGlobals) = postSolution
		SolutionGuid = {3F46CC05-61E8-400C-A86D-FFDA1026CA84}
	EndGlobalSection
EndGlobal
